FORGE
  remote: https://forgeapi.puppetlabs.com
  specs:
    puppetlabs-apt (1.6.0)
      puppetlabs-stdlib (>= 2.2.1)
    puppetlabs-stdlib (4.3.2)

GIT
  remote: git://github.com/alphagov/puppet-curl.git
  ref: master
  sha: 5b5cf0384af34576b05c49deb837385dff1e418d
  specs:
    puppet-curl (0.0.1)

DEPENDENCIES
  puppet-curl (>= 0)
  puppetlabs-apt (>= 0)

